
Microsoft Visual Studio Solution File, Format Version 12.00
# Visual Studio Version 16
VisualStudioVersion = 16.0.29326.143
MinimumVisualStudioVersion = 10.0.40219.1
Project("{9A19103F-16F7-4668-BE54-9A1E7A4F7556}") = "LibTest", "LibTest\LibTest.csproj", "{5FC8D92E-EED5-425A-A6D6-1F64B6C40677}"
EndProject
Project("{FAE04EC0-301F-11D3-BF4B-00C04F79EFBC}") = "U2MP3", "U2MP3\U2MP3.csproj", "{1BA0B53E-D920-4396-BA4E-66BC6F8DB20F}"
EndProject
Project("{FAE04EC0-301F-11D3-BF4B-00C04F79EFBC}") = "LibFramTest", "LibFramTest\LibFramTest.csproj", "{49830628-923D-4F23-BBF8-E0A4BEEB2518}"
EndProject
Global
	GlobalSection(SolutionConfigurationPlatforms) = preSolution
		Debug|Any CPU = Debug|Any CPU
		Release|Any CPU = Release|Any CPU
	EndGlobalSection
	GlobalSection(ProjectConfigurationPlatforms) = postSolution
		{5FC8D92E-EED5-425A-A6D6-1F64B6C40677}.Debug|Any CPU.ActiveCfg = Debug|Any CPU
		{5FC8D92E-EED5-425A-A6D6-1F64B6C40677}.Debug|Any CPU.Build.0 = Debug|Any CPU
		{5FC8D92E-EED5-425A-A6D6-1F64B6C40677}.Release|Any CPU.ActiveCfg = Release|Any CPU
		{5FC8D92E-EED5-425A-A6D6-1F64B6C40677}.Release|Any CPU.Build.0 = Release|Any CPU
		{1BA0B53E-D920-4396-BA4E-66BC6F8DB20F}.Debug|Any CPU.ActiveCfg = Debug|Any CPU
		{1BA0B53E-D920-4396-BA4E-66BC6F8DB20F}.Debug|Any CPU.Build.0 = Debug|Any CPU
		{1BA0B53E-D920-4396-BA4E-66BC6F8DB20F}.Release|Any CPU.ActiveCfg = Release|Any CPU
		{1BA0B53E-D920-4396-BA4E-66BC6F8DB20F}.Release|Any CPU.Build.0 = Release|Any CPU
		{49830628-923D-4F23-BBF8-E0A4BEEB2518}.Debug|Any CPU.ActiveCfg = Debug|Any CPU
		{49830628-923D-4F23-BBF8-E0A4BEEB2518}.Debug|Any CPU.Build.0 = Debug|Any CPU
		{49830628-923D-4F23-BBF8-E0A4BEEB2518}.Release|Any CPU.ActiveCfg = Release|Any CPU
		{49830628-923D-4F23-BBF8-E0A4BEEB2518}.Release|Any CPU.Build.0 = Release|Any CPU
	EndGlobalSection
	GlobalSection(SolutionProperties) = preSolution
		HideSolutionNode = FALSE
	EndGlobalSection
	GlobalSection(ExtensibilityGlobals) = postSolution
		SolutionGuid = {58AFD897-6224-497D-BA3F-18184082D7F7}
	EndGlobalSection
EndGlobal
